// !$*UTF8*$!
{
	archiveVersion = 1;
	classes = {
	};
	objectVersion = 50;
	objects = {

/* Begin PBXBuildFile section */
		5223A99124D1E0E9003B33B7 /* AppDelegate.swift in Sources */ = {isa = PBXBuildFile; fileRef = 5223A99024D1E0E9003B33B7 /* AppDelegate.swift */; };
		5223A99324D1E0E9003B33B7 /* SceneDelegate.swift in Sources */ = {isa = PBXBuildFile; fileRef = 5223A99224D1E0E9003B33B7 /* SceneDelegate.swift */; };
		5223A99524D1E0E9003B33B7 /* CharactersViewController.swift in Sources */ = {isa = PBXBuildFile; fileRef = 5223A99424D1E0E9003B33B7 /* CharactersViewController.swift */; };
		5223A99824D1E0E9003B33B7 /* Main.storyboard in Resources */ = {isa = PBXBuildFile; fileRef = 5223A99624D1E0E9003B33B7 /* Main.storyboard */; };
		5223A99A24D1E0EB003B33B7 /* Assets.xcassets in Resources */ = {isa = PBXBuildFile; fileRef = 5223A99924D1E0EB003B33B7 /* Assets.xcassets */; };
		5223A99D24D1E0EB003B33B7 /* LaunchScreen.storyboard in Resources */ = {isa = PBXBuildFile; fileRef = 5223A99B24D1E0EB003B33B7 /* LaunchScreen.storyboard */; };
		5223A9A824D1E0EB003B33B7 /* RickAndMortyTests.swift in Sources */ = {isa = PBXBuildFile; fileRef = 5223A9A724D1E0EB003B33B7 /* RickAndMortyTests.swift */; };
		5223A9B924D1E6DB003B33B7 /* RickAndMortyClient.swift in Sources */ = {isa = PBXBuildFile; fileRef = 5223A9B824D1E6DB003B33B7 /* RickAndMortyClient.swift */; };
		5223A9BB24D1F3E4003B33B7 /* CharactersResponse.swift in Sources */ = {isa = PBXBuildFile; fileRef = 5223A9BA24D1F3E4003B33B7 /* CharactersResponse.swift */; };
		5223A9BD24D1F435003B33B7 /* InfoResponse.swift in Sources */ = {isa = PBXBuildFile; fileRef = 5223A9BC24D1F435003B33B7 /* InfoResponse.swift */; };
		5223A9BF24D1F478003B33B7 /* CharacterResponse.swift in Sources */ = {isa = PBXBuildFile; fileRef = 5223A9BE24D1F478003B33B7 /* CharacterResponse.swift */; };
		5223A9C124D1F50F003B33B7 /* OriginResponse.swift in Sources */ = {isa = PBXBuildFile; fileRef = 5223A9C024D1F50F003B33B7 /* OriginResponse.swift */; };
		5223A9C324D1F543003B33B7 /* LocationResponse.swift in Sources */ = {isa = PBXBuildFile; fileRef = 5223A9C224D1F543003B33B7 /* LocationResponse.swift */; };
		5223A9C524D1F773003B33B7 /* LocationsResponse.swift in Sources */ = {isa = PBXBuildFile; fileRef = 5223A9C424D1F773003B33B7 /* LocationsResponse.swift */; };
		5223A9C724D1FAB2003B33B7 /* EpisodesResponse.swift in Sources */ = {isa = PBXBuildFile; fileRef = 5223A9C624D1FAB2003B33B7 /* EpisodesResponse.swift */; };
		5223A9C924D1FB1E003B33B7 /* EpisodeResponse.swift in Sources */ = {isa = PBXBuildFile; fileRef = 5223A9C824D1FB1E003B33B7 /* EpisodeResponse.swift */; };
		5223A9CB24D21E62003B33B7 /* ErrorResponse.swift in Sources */ = {isa = PBXBuildFile; fileRef = 5223A9CA24D21E62003B33B7 /* ErrorResponse.swift */; };
		5223A9CE24D22E40003B33B7 /* RickAndMortyModel.swift in Sources */ = {isa = PBXBuildFile; fileRef = 5223A9CD24D22E40003B33B7 /* RickAndMortyModel.swift */; };
		5223A9D024D22F99003B33B7 /* CharacterTableViewCell.swift in Sources */ = {isa = PBXBuildFile; fileRef = 5223A9CF24D22F99003B33B7 /* CharacterTableViewCell.swift */; };
		522E6AB224D3DC3800F5E6AD /* EpisodesViewController.swift in Sources */ = {isa = PBXBuildFile; fileRef = 522E6AB124D3DC3800F5E6AD /* EpisodesViewController.swift */; };
		522E6AB424D3DD5E00F5E6AD /* EpisodeTableViewCell.swift in Sources */ = {isa = PBXBuildFile; fileRef = 522E6AB324D3DD5E00F5E6AD /* EpisodeTableViewCell.swift */; };
/* End PBXBuildFile section */

/* Begin PBXContainerItemProxy section */
		5223A9A424D1E0EB003B33B7 /* PBXContainerItemProxy */ = {
			isa = PBXContainerItemProxy;
			containerPortal = 5223A98524D1E0E9003B33B7 /* Project object */;
			proxyType = 1;
			remoteGlobalIDString = 5223A98C24D1E0E9003B33B7;
			remoteInfo = RickAndMorty;
		};
/* End PBXContainerItemProxy section */

/* Begin PBXFileReference section */
		5223A98D24D1E0E9003B33B7 /* RickAndMorty.app */ = {isa = PBXFileReference; explicitFileType = wrapper.application; includeInIndex = 0; path = RickAndMorty.app; sourceTree = BUILT_PRODUCTS_DIR; };
		5223A99024D1E0E9003B33B7 /* AppDelegate.swift */ = {isa = PBXFileReference; lastKnownFileType = sourcecode.swift; path = AppDelegate.swift; sourceTree = "<group>"; };
		5223A99224D1E0E9003B33B7 /* SceneDelegate.swift */ = {isa = PBXFileReference; lastKnownFileType = sourcecode.swift; path = SceneDelegate.swift; sourceTree = "<group>"; };
		5223A99424D1E0E9003B33B7 /* CharactersViewController.swift */ = {isa = PBXFileReference; lastKnownFileType = sourcecode.swift; path = CharactersViewController.swift; sourceTree = "<group>"; };
		5223A99724D1E0E9003B33B7 /* Base */ = {isa = PBXFileReference; lastKnownFileType = file.storyboard; name = Base; path = Base.lproj/Main.storyboard; sourceTree = "<group>"; };
		5223A99924D1E0EB003B33B7 /* Assets.xcassets */ = {isa = PBXFileReference; lastKnownFileType = folder.assetcatalog; path = Assets.xcassets; sourceTree = "<group>"; };
		5223A99C24D1E0EB003B33B7 /* Base */ = {isa = PBXFileReference; lastKnownFileType = file.storyboard; name = Base; path = Base.lproj/LaunchScreen.storyboard; sourceTree = "<group>"; };
		5223A99E24D1E0EB003B33B7 /* Info.plist */ = {isa = PBXFileReference; lastKnownFileType = text.plist.xml; path = Info.plist; sourceTree = "<group>"; };
		5223A9A324D1E0EB003B33B7 /* RickAndMortyTests.xctest */ = {isa = PBXFileReference; explicitFileType = wrapper.cfbundle; includeInIndex = 0; path = RickAndMortyTests.xctest; sourceTree = BUILT_PRODUCTS_DIR; };
		5223A9A724D1E0EB003B33B7 /* RickAndMortyTests.swift */ = {isa = PBXFileReference; lastKnownFileType = sourcecode.swift; path = RickAndMortyTests.swift; sourceTree = "<group>"; };
		5223A9A924D1E0EB003B33B7 /* Info.plist */ = {isa = PBXFileReference; lastKnownFileType = text.plist.xml; path = Info.plist; sourceTree = "<group>"; };
		5223A9B824D1E6DB003B33B7 /* RickAndMortyClient.swift */ = {isa = PBXFileReference; lastKnownFileType = sourcecode.swift; path = RickAndMortyClient.swift; sourceTree = "<group>"; };
		5223A9BA24D1F3E4003B33B7 /* CharactersResponse.swift */ = {isa = PBXFileReference; lastKnownFileType = sourcecode.swift; path = CharactersResponse.swift; sourceTree = "<group>"; };
		5223A9BC24D1F435003B33B7 /* InfoResponse.swift */ = {isa = PBXFileReference; lastKnownFileType = sourcecode.swift; path = InfoResponse.swift; sourceTree = "<group>"; };
		5223A9BE24D1F478003B33B7 /* CharacterResponse.swift */ = {isa = PBXFileReference; lastKnownFileType = sourcecode.swift; path = CharacterResponse.swift; sourceTree = "<group>"; };
		5223A9C024D1F50F003B33B7 /* OriginResponse.swift */ = {isa = PBXFileReference; lastKnownFileType = sourcecode.swift; path = OriginResponse.swift; sourceTree = "<group>"; };
		5223A9C224D1F543003B33B7 /* LocationResponse.swift */ = {isa = PBXFileReference; lastKnownFileType = sourcecode.swift; path = LocationResponse.swift; sourceTree = "<group>"; };
		5223A9C424D1F773003B33B7 /* LocationsResponse.swift */ = {isa = PBXFileReference; lastKnownFileType = sourcecode.swift; path = LocationsResponse.swift; sourceTree = "<group>"; };
		5223A9C624D1FAB2003B33B7 /* EpisodesResponse.swift */ = {isa = PBXFileReference; lastKnownFileType = sourcecode.swift; path = EpisodesResponse.swift; sourceTree = "<group>"; };
		5223A9C824D1FB1E003B33B7 /* EpisodeResponse.swift */ = {isa = PBXFileReference; lastKnownFileType = sourcecode.swift; path = EpisodeResponse.swift; sourceTree = "<group>"; };
		5223A9CA24D21E62003B33B7 /* ErrorResponse.swift */ = {isa = PBXFileReference; lastKnownFileType = sourcecode.swift; path = ErrorResponse.swift; sourceTree = "<group>"; };
		5223A9CD24D22E40003B33B7 /* RickAndMortyModel.swift */ = {isa = PBXFileReference; lastKnownFileType = sourcecode.swift; path = RickAndMortyModel.swift; sourceTree = "<group>"; };
		5223A9CF24D22F99003B33B7 /* CharacterTableViewCell.swift */ = {isa = PBXFileReference; lastKnownFileType = sourcecode.swift; path = CharacterTableViewCell.swift; sourceTree = "<group>"; };
		522E6AB124D3DC3800F5E6AD /* EpisodesViewController.swift */ = {isa = PBXFileReference; lastKnownFileType = sourcecode.swift; path = EpisodesViewController.swift; sourceTree = "<group>"; };
		522E6AB324D3DD5E00F5E6AD /* EpisodeTableViewCell.swift */ = {isa = PBXFileReference; lastKnownFileType = sourcecode.swift; path = EpisodeTableViewCell.swift; sourceTree = "<group>"; };
/* End PBXFileReference section */

/* Begin PBXFrameworksBuildPhase section */
		5223A98A24D1E0E9003B33B7 /* Frameworks */ = {
			isa = PBXFrameworksBuildPhase;
			buildActionMask = 2147483647;
			files = (
			);
			runOnlyForDeploymentPostprocessing = 0;
		};
		5223A9A024D1E0EB003B33B7 /* Frameworks */ = {
			isa = PBXFrameworksBuildPhase;
			buildActionMask = 2147483647;
			files = (
			);
			runOnlyForDeploymentPostprocessing = 0;
		};
/* End PBXFrameworksBuildPhase section */

/* Begin PBXGroup section */
		5223A98424D1E0E9003B33B7 = {
			isa = PBXGroup;
			children = (
				5223A98F24D1E0E9003B33B7 /* RickAndMorty */,
				5223A9A624D1E0EB003B33B7 /* RickAndMortyTests */,
				5223A98E24D1E0E9003B33B7 /* Products */,
			);
			sourceTree = "<group>";
		};
		5223A98E24D1E0E9003B33B7 /* Products */ = {
			isa = PBXGroup;
			children = (
				5223A98D24D1E0E9003B33B7 /* RickAndMorty.app */,
				5223A9A324D1E0EB003B33B7 /* RickAndMortyTests.xctest */,
			);
			name = Products;
			sourceTree = "<group>";
		};
		5223A98F24D1E0E9003B33B7 /* RickAndMorty */ = {
			isa = PBXGroup;
			children = (
				5223A9B424D1E23A003B33B7 /* Model */,
				5223A9B224D1E223003B33B7 /* View */,
				5223A9B324D1E22E003B33B7 /* Controller */,
				522E6AB524D3DDD800F5E6AD /* Assets */,
				5223A99024D1E0E9003B33B7 /* AppDelegate.swift */,
				5223A99224D1E0E9003B33B7 /* SceneDelegate.swift */,
				5223A99E24D1E0EB003B33B7 /* Info.plist */,
			);
			path = RickAndMorty;
			sourceTree = "<group>";
		};
		5223A9A624D1E0EB003B33B7 /* RickAndMortyTests */ = {
			isa = PBXGroup;
			children = (
				5223A9A724D1E0EB003B33B7 /* RickAndMortyTests.swift */,
				5223A9A924D1E0EB003B33B7 /* Info.plist */,
			);
			path = RickAndMortyTests;
			sourceTree = "<group>";
		};
		5223A9B224D1E223003B33B7 /* View */ = {
			isa = PBXGroup;
			children = (
				522E6AB324D3DD5E00F5E6AD /* EpisodeTableViewCell.swift */,
				5223A9CF24D22F99003B33B7 /* CharacterTableViewCell.swift */,
			);
			path = View;
			sourceTree = "<group>";
		};
		5223A9B324D1E22E003B33B7 /* Controller */ = {
			isa = PBXGroup;
			children = (
				5223A99424D1E0E9003B33B7 /* CharactersViewController.swift */,
				522E6AB124D3DC3800F5E6AD /* EpisodesViewController.swift */,
			);
			path = Controller;
			sourceTree = "<group>";
		};
		5223A9B424D1E23A003B33B7 /* Model */ = {
			isa = PBXGroup;
			children = (
				5223A9CC24D22E24003B33B7 /* Data */,
				5223A9B524D1E69A003B33B7 /* Client */,
				5223A9B724D1E6B0003B33B7 /* Responses */,
				5223A9B624D1E6A8003B33B7 /* Requests */,
			);
			path = Model;
			sourceTree = "<group>";
		};
		5223A9B524D1E69A003B33B7 /* Client */ = {
			isa = PBXGroup;
			children = (
				5223A9B824D1E6DB003B33B7 /* RickAndMortyClient.swift */,
			);
			path = Client;
			sourceTree = "<group>";
		};
		5223A9B624D1E6A8003B33B7 /* Requests */ = {
			isa = PBXGroup;
			children = (
			);
			path = Requests;
			sourceTree = "<group>";
		};
		5223A9B724D1E6B0003B33B7 /* Responses */ = {
			isa = PBXGroup;
			children = (
				5223A9BA24D1F3E4003B33B7 /* CharactersResponse.swift */,
				5223A9BC24D1F435003B33B7 /* InfoResponse.swift */,
				5223A9BE24D1F478003B33B7 /* CharacterResponse.swift */,
				5223A9C024D1F50F003B33B7 /* OriginResponse.swift */,
				5223A9C224D1F543003B33B7 /* LocationResponse.swift */,
				5223A9C424D1F773003B33B7 /* LocationsResponse.swift */,
				5223A9C624D1FAB2003B33B7 /* EpisodesResponse.swift */,
				5223A9C824D1FB1E003B33B7 /* EpisodeResponse.swift */,
				5223A9CA24D21E62003B33B7 /* ErrorResponse.swift */,
			);
			path = Responses;
			sourceTree = "<group>";
		};
		5223A9CC24D22E24003B33B7 /* Data */ = {
			isa = PBXGroup;
			children = (
				5223A9CD24D22E40003B33B7 /* RickAndMortyModel.swift */,
			);
			path = Data;
			sourceTree = "<group>";
		};
		522E6AB524D3DDD800F5E6AD /* Assets */ = {
			isa = PBXGroup;
			children = (
				5223A99624D1E0E9003B33B7 /* Main.storyboard */,
				5223A99924D1E0EB003B33B7 /* Assets.xcassets */,
				5223A99B24D1E0EB003B33B7 /* LaunchScreen.storyboard */,
			);
			path = Assets;
			sourceTree = "<group>";
		};
/* End PBXGroup section */

/* Begin PBXNativeTarget section */
		5223A98C24D1E0E9003B33B7 /* RickAndMorty */ = {
			isa = PBXNativeTarget;
			buildConfigurationList = 5223A9AC24D1E0EB003B33B7 /* Build configuration list for PBXNativeTarget "RickAndMorty" */;
			buildPhases = (
				5223A98924D1E0E9003B33B7 /* Sources */,
				5223A98A24D1E0E9003B33B7 /* Frameworks */,
				5223A98B24D1E0E9003B33B7 /* Resources */,
			);
			buildRules = (
			);
			dependencies = (
			);
			name = RickAndMorty;
			productName = RickAndMorty;
			productReference = 5223A98D24D1E0E9003B33B7 /* RickAndMorty.app */;
			productType = "com.apple.product-type.application";
		};
		5223A9A224D1E0EB003B33B7 /* RickAndMortyTests */ = {
			isa = PBXNativeTarget;
			buildConfigurationList = 5223A9AF24D1E0EB003B33B7 /* Build configuration list for PBXNativeTarget "RickAndMortyTests" */;
			buildPhases = (
				5223A99F24D1E0EB003B33B7 /* Sources */,
				5223A9A024D1E0EB003B33B7 /* Frameworks */,
				5223A9A124D1E0EB003B33B7 /* Resources */,
			);
			buildRules = (
			);
			dependencies = (
				5223A9A524D1E0EB003B33B7 /* PBXTargetDependency */,
			);
			name = RickAndMortyTests;
			productName = RickAndMortyTests;
			productReference = 5223A9A324D1E0EB003B33B7 /* RickAndMortyTests.xctest */;
			productType = "com.apple.product-type.bundle.unit-test";
		};
/* End PBXNativeTarget section */

/* Begin PBXProject section */
		5223A98524D1E0E9003B33B7 /* Project object */ = {
			isa = PBXProject;
			attributes = {
				LastSwiftUpdateCheck = 1160;
				LastUpgradeCheck = 1160;
				ORGANIZATIONNAME = Innovatrix;
				TargetAttributes = {
					5223A98C24D1E0E9003B33B7 = {
						CreatedOnToolsVersion = 11.6;
					};
					5223A9A224D1E0EB003B33B7 = {
						CreatedOnToolsVersion = 11.6;
						TestTargetID = 5223A98C24D1E0E9003B33B7;
					};
				};
			};
			buildConfigurationList = 5223A98824D1E0E9003B33B7 /* Build configuration list for PBXProject "RickAndMorty" */;
			compatibilityVersion = "Xcode 9.3";
			developmentRegion = en;
			hasScannedForEncodings = 0;
			knownRegions = (
				en,
				Base,
			);
			mainGroup = 5223A98424D1E0E9003B33B7;
			productRefGroup = 5223A98E24D1E0E9003B33B7 /* Products */;
			projectDirPath = "";
			projectRoot = "";
			targets = (
				5223A98C24D1E0E9003B33B7 /* RickAndMorty */,
				5223A9A224D1E0EB003B33B7 /* RickAndMortyTests */,
			);
		};
/* End PBXProject section */

/* Begin PBXResourcesBuildPhase section */
		5223A98B24D1E0E9003B33B7 /* Resources */ = {
			isa = PBXResourcesBuildPhase;
			buildActionMask = 2147483647;
			files = (
				5223A99D24D1E0EB003B33B7 /* LaunchScreen.storyboard in Resources */,
				5223A99A24D1E0EB003B33B7 /* Assets.xcassets in Resources */,
				5223A99824D1E0E9003B33B7 /* Main.storyboard in Resources */,
			);
			runOnlyForDeploymentPostprocessing = 0;
		};
		5223A9A124D1E0EB003B33B7 /* Resources */ = {
			isa = PBXResourcesBuildPhase;
			buildActionMask = 2147483647;
			files = (
			);
			runOnlyForDeploymentPostprocessing = 0;
		};
/* End PBXResourcesBuildPhase section */

/* Begin PBXSourcesBuildPhase section */
		5223A98924D1E0E9003B33B7 /* Sources */ = {
			isa = PBXSourcesBuildPhase;
			buildActionMask = 2147483647;
			files = (
				5223A9C924D1FB1E003B33B7 /* EpisodeResponse.swift in Sources */,
				5223A9BF24D1F478003B33B7 /* CharacterResponse.swift in Sources */,
				522E6AB224D3DC3800F5E6AD /* EpisodesViewController.swift in Sources */,
				5223A9D024D22F99003B33B7 /* CharacterTableViewCell.swift in Sources */,
				5223A9BB24D1F3E4003B33B7 /* CharactersResponse.swift in Sources */,
				5223A99524D1E0E9003B33B7 /* CharactersViewController.swift in Sources */,
				5223A9CE24D22E40003B33B7 /* RickAndMortyModel.swift in Sources */,
				5223A9BD24D1F435003B33B7 /* InfoResponse.swift in Sources */,
				5223A9B924D1E6DB003B33B7 /* RickAndMortyClient.swift in Sources */,
				5223A9C524D1F773003B33B7 /* LocationsResponse.swift in Sources */,
				522E6AB424D3DD5E00F5E6AD /* EpisodeTableViewCell.swift in Sources */,
				5223A9C324D1F543003B33B7 /* LocationResponse.swift in Sources */,
				5223A9C724D1FAB2003B33B7 /* EpisodesResponse.swift in Sources */,
				5223A99124D1E0E9003B33B7 /* AppDelegate.swift in Sources */,
				5223A9C124D1F50F003B33B7 /* OriginResponse.swift in Sources */,
				5223A99324D1E0E9003B33B7 /* SceneDelegate.swift in Sources */,
				5223A9CB24D21E62003B33B7 /* ErrorResponse.swift in Sources */,
			);
			runOnlyForDeploymentPostprocessing = 0;
		};
		5223A99F24D1E0EB003B33B7 /* Sources */ = {
			isa = PBXSourcesBuildPhase;
			buildActionMask = 2147483647;
			files = (
				5223A9A824D1E0EB003B33B7 /* RickAndMortyTests.swift in Sources */,
			);
			runOnlyForDeploymentPostprocessing = 0;
		};
/* End PBXSourcesBuildPhase section */

/* Begin PBXTargetDependency section */
		5223A9A524D1E0EB003B33B7 /* PBXTargetDependency */ = {
			isa = PBXTargetDependency;
			target = 5223A98C24D1E0E9003B33B7 /* RickAndMorty */;
			targetProxy = 5223A9A424D1E0EB003B33B7 /* PBXContainerItemProxy */;
		};
/* End PBXTargetDependency section */

/* Begin PBXVariantGroup section */
		5223A99624D1E0E9003B33B7 /* Main.storyboard */ = {
			isa = PBXVariantGroup;
			children = (
				5223A99724D1E0E9003B33B7 /* Base */,
			);
			name = Main.storyboard;
			sourceTree = "<group>";
		};
		5223A99B24D1E0EB003B33B7 /* LaunchScreen.storyboard */ = {
			isa = PBXVariantGroup;
			children = (
				5223A99C24D1E0EB003B33B7 /* Base */,
			);
			name = LaunchScreen.storyboard;
			sourceTree = "<group>";
		};
/* End PBXVariantGroup section */

/* Begin XCBuildConfiguration section */
		5223A9AA24D1E0EB003B33B7 /* Debug */ = {
			isa = XCBuildConfiguration;
			buildSettings = {
				ALWAYS_SEARCH_USER_PATHS = NO;
				CLANG_ANALYZER_NONNULL = YES;
				CLANG_ANALYZER_NUMBER_OBJECT_CONVERSION = YES_AGGRESSIVE;
				CLANG_CXX_LANGUAGE_STANDARD = "gnu++14";
				CLANG_CXX_LIBRARY = "libc++";
				CLANG_ENABLE_MODULES = YES;
				CLANG_ENABLE_OBJC_ARC = YES;
				CLANG_ENABLE_OBJC_WEAK = YES;
				CLANG_WARN_BLOCK_CAPTURE_AUTORELEASING = YES;
				CLANG_WARN_BOOL_CONVERSION = YES;
				CLANG_WARN_COMMA = YES;
				CLANG_WARN_CONSTANT_CONVERSION = YES;
				CLANG_WARN_DEPRECATED_OBJC_IMPLEMENTATIONS = YES;
				CLANG_WARN_DIRECT_OBJC_ISA_USAGE = YES_ERROR;
				CLANG_WARN_DOCUMENTATION_COMMENTS = YES;
				CLANG_WARN_EMPTY_BODY = YES;
				CLANG_WARN_ENUM_CONVERSION = YES;
				CLANG_WARN_INFINITE_RECURSION = YES;
				CLANG_WARN_INT_CONVERSION = YES;
				CLANG_WARN_NON_LITERAL_NULL_CONVERSION = YES;
				CLANG_WARN_OBJC_IMPLICIT_RETAIN_SELF = YES;
				CLANG_WARN_OBJC_LITERAL_CONVERSION = YES;
				CLANG_WARN_OBJC_ROOT_CLASS = YES_ERROR;
				CLANG_WARN_RANGE_LOOP_ANALYSIS = YES;
				CLANG_WARN_STRICT_PROTOTYPES = YES;
				CLANG_WARN_SUSPICIOUS_MOVE = YES;
				CLANG_WARN_UNGUARDED_AVAILABILITY = YES_AGGRESSIVE;
				CLANG_WARN_UNREACHABLE_CODE = YES;
				CLANG_WARN__DUPLICATE_METHOD_MATCH = YES;
				COPY_PHASE_STRIP = NO;
				DEBUG_INFORMATION_FORMAT = dwarf;
				ENABLE_STRICT_OBJC_MSGSEND = YES;
				ENABLE_TESTABILITY = YES;
				GCC_C_LANGUAGE_STANDARD = gnu11;
				GCC_DYNAMIC_NO_PIC = NO;
				GCC_NO_COMMON_BLOCKS = YES;
				GCC_OPTIMIZATION_LEVEL = 0;
				GCC_PREPROCESSOR_DEFINITIONS = (
					"DEBUG=1",
					"$(inherited)",
				);
				GCC_WARN_64_TO_32_BIT_CONVERSION = YES;
				GCC_WARN_ABOUT_RETURN_TYPE = YES_ERROR;
				GCC_WARN_UNDECLARED_SELECTOR = YES;
				GCC_WARN_UNINITIALIZED_AUTOS = YES_AGGRESSIVE;
				GCC_WARN_UNUSED_FUNCTION = YES;
				GCC_WARN_UNUSED_VARIABLE = YES;
				IPHONEOS_DEPLOYMENT_TARGET = 13.6;
				MTL_ENABLE_DEBUG_INFO = INCLUDE_SOURCE;
				MTL_FAST_MATH = YES;
				ONLY_ACTIVE_ARCH = YES;
				SDKROOT = iphoneos;
				SWIFT_ACTIVE_COMPILATION_CONDITIONS = DEBUG;
				SWIFT_OPTIMIZATION_LEVEL = "-Onone";
			};
			name = Debug;
		};
		5223A9AB24D1E0EB003B33B7 /* Release */ = {
			isa = XCBuildConfiguration;
			buildSettings = {
				ALWAYS_SEARCH_USER_PATHS = NO;
				CLANG_ANALYZER_NONNULL = YES;
				CLANG_ANALYZER_NUMBER_OBJECT_CONVERSION = YES_AGGRESSIVE;
				CLANG_CXX_LANGUAGE_STANDARD = "gnu++14";
				CLANG_CXX_LIBRARY = "libc++";
				CLANG_ENABLE_MODULES = YES;
				CLANG_ENABLE_OBJC_ARC = YES;
				CLANG_ENABLE_OBJC_WEAK = YES;
				CLANG_WARN_BLOCK_CAPTURE_AUTORELEASING = YES;
				CLANG_WARN_BOOL_CONVERSION = YES;
				CLANG_WARN_COMMA = YES;
				CLANG_WARN_CONSTANT_CONVERSION = YES;
				CLANG_WARN_DEPRECATED_OBJC_IMPLEMENTATIONS = YES;
				CLANG_WARN_DIRECT_OBJC_ISA_USAGE = YES_ERROR;
				CLANG_WARN_DOCUMENTATION_COMMENTS = YES;
				CLANG_WARN_EMPTY_BODY = YES;
				CLANG_WARN_ENUM_CONVERSION = YES;
				CLANG_WARN_INFINITE_RECURSION = YES;
				CLANG_WARN_INT_CONVERSION = YES;
				CLANG_WARN_NON_LITERAL_NULL_CONVERSION = YES;
				CLANG_WARN_OBJC_IMPLICIT_RETAIN_SELF = YES;
				CLANG_WARN_OBJC_LITERAL_CONVERSION = YES;
				CLANG_WARN_OBJC_ROOT_CLASS = YES_ERROR;
				CLANG_WARN_RANGE_LOOP_ANALYSIS = YES;
				CLANG_WARN_STRICT_PROTOTYPES = YES;
				CLANG_WARN_SUSPICIOUS_MOVE = YES;
				CLANG_WARN_UNGUARDED_AVAILABILITY = YES_AGGRESSIVE;
				CLANG_WARN_UNREACHABLE_CODE = YES;
				CLANG_WARN__DUPLICATE_METHOD_MATCH = YES;
				COPY_PHASE_STRIP = NO;
				DEBUG_INFORMATION_FORMAT = "dwarf-with-dsym";
				ENABLE_NS_ASSERTIONS = NO;
				ENABLE_STRICT_OBJC_MSGSEND = YES;
				GCC_C_LANGUAGE_STANDARD = gnu11;
				GCC_NO_COMMON_BLOCKS = YES;
				GCC_WARN_64_TO_32_BIT_CONVERSION = YES;
				GCC_WARN_ABOUT_RETURN_TYPE = YES_ERROR;
				GCC_WARN_UNDECLARED_SELECTOR = YES;
				GCC_WARN_UNINITIALIZED_AUTOS = YES_AGGRESSIVE;
				GCC_WARN_UNUSED_FUNCTION = YES;
				GCC_WARN_UNUSED_VARIABLE = YES;
				IPHONEOS_DEPLOYMENT_TARGET = 13.6;
				MTL_ENABLE_DEBUG_INFO = NO;
				MTL_FAST_MATH = YES;
				SDKROOT = iphoneos;
				SWIFT_COMPILATION_MODE = wholemodule;
				SWIFT_OPTIMIZATION_LEVEL = "-O";
				VALIDATE_PRODUCT = YES;
			};
			name = Release;
		};
		5223A9AD24D1E0EB003B33B7 /* Debug */ = {
			isa = XCBuildConfiguration;
			buildSettings = {
				ASSETCATALOG_COMPILER_APPICON_NAME = AppIcon;
				CODE_SIGN_STYLE = Automatic;
				DEVELOPMENT_TEAM = MT5DTAP4RF;
				INFOPLIST_FILE = RickAndMorty/Info.plist;
				LD_RUNPATH_SEARCH_PATHS = (
					"$(inherited)",
					"@executable_path/Frameworks",
				);
				PRODUCT_BUNDLE_IDENTIFIER = com.innovatrix.RickAndMorty;
				PRODUCT_NAME = "$(TARGET_NAME)";
				SWIFT_VERSION = 5.0;
				TARGETED_DEVICE_FAMILY = "1,2";
			};
			name = Debug;
		};
		5223A9AE24D1E0EB003B33B7 /* Release */ = {
			isa = XCBuildConfiguration;
			buildSettings = {
				ASSETCATALOG_COMPILER_APPICON_NAME = AppIcon;
				CODE_SIGN_STYLE = Automatic;
				DEVELOPMENT_TEAM = MT5DTAP4RF;
				INFOPLIST_FILE = RickAndMorty/Info.plist;
				LD_RUNPATH_SEARCH_PATHS = (
					"$(inherited)",
					"@executable_path/Frameworks",
				);
				PRODUCT_BUNDLE_IDENTIFIER = com.innovatrix.RickAndMorty;
				PRODUCT_NAME = "$(TARGET_NAME)";
				SWIFT_VERSION = 5.0;
				TARGETED_DEVICE_FAMILY = "1,2";
			};
			name = Release;
		};
		5223A9B024D1E0EB003B33B7 /* Debug */ = {
			isa = XCBuildConfiguration;
			buildSettings = {
				ALWAYS_EMBED_SWIFT_STANDARD_LIBRARIES = YES;
				BUNDLE_LOADER = "$(TEST_HOST)";
				CODE_SIGN_STYLE = Automatic;
				DEVELOPMENT_TEAM = MT5DTAP4RF;
				INFOPLIST_FILE = RickAndMortyTests/Info.plist;
				IPHONEOS_DEPLOYMENT_TARGET = 13.6;
				LD_RUNPATH_SEARCH_PATHS = (
					"$(inherited)",
					"@executable_path/Frameworks",
					"@loader_path/Frameworks",
				);
				PRODUCT_BUNDLE_IDENTIFIER = com.innovatrix.RickAndMortyTests;
				PRODUCT_NAME = "$(TARGET_NAME)";
				SWIFT_VERSION = 5.0;
				TARGETED_DEVICE_FAMILY = "1,2";
				TEST_HOST = "$(BUILT_PRODUCTS_DIR)/RickAndMorty.app/RickAndMorty";
			};
			name = Debug;
		};
		5223A9B124D1E0EB003B33B7 /* Release */ = {
			isa = XCBuildConfiguration;
			buildSettings = {
				ALWAYS_EMBED_SWIFT_STANDARD_LIBRARIES = YES;
				BUNDLE_LOADER = "$(TEST_HOST)";
				CODE_SIGN_STYLE = Automatic;
				DEVELOPMENT_TEAM = MT5DTAP4RF;
				INFOPLIST_FILE = RickAndMortyTests/Info.plist;
				IPHONEOS_DEPLOYMENT_TARGET = 13.6;
				LD_RUNPATH_SEARCH_PATHS = (
					"$(inherited)",
					"@executable_path/Frameworks",
					"@loader_path/Frameworks",
				);
				PRODUCT_BUNDLE_IDENTIFIER = com.innovatrix.RickAndMortyTests;
				PRODUCT_NAME = "$(TARGET_NAME)";
				SWIFT_VERSION = 5.0;
				TARGETED_DEVICE_FAMILY = "1,2";
				TEST_HOST = "$(BUILT_PRODUCTS_DIR)/RickAndMorty.app/RickAndMorty";
			};
			name = Release;
		};
/* End XCBuildConfiguration section */

/* Begin XCConfigurationList section */
		5223A98824D1E0E9003B33B7 /* Build configuration list for PBXProject "RickAndMorty" */ = {
			isa = XCConfigurationList;
			buildConfigurations = (
				5223A9AA24D1E0EB003B33B7 /* Debug */,
				5223A9AB24D1E0EB003B33B7 /* Release */,
			);
			defaultConfigurationIsVisible = 0;
			defaultConfigurationName = Release;
		};
		5223A9AC24D1E0EB003B33B7 /* Build configuration list for PBXNativeTarget "RickAndMorty" */ = {
			isa = XCConfigurationList;
			buildConfigurations = (
				5223A9AD24D1E0EB003B33B7 /* Debug */,
				5223A9AE24D1E0EB003B33B7 /* Release */,
			);
			defaultConfigurationIsVisible = 0;
			defaultConfigurationName = Release;
		};
		5223A9AF24D1E0EB003B33B7 /* Build configuration list for PBXNativeTarget "RickAndMortyTests" */ = {
			isa = XCConfigurationList;
			buildConfigurations = (
				5223A9B024D1E0EB003B33B7 /* Debug */,
				5223A9B124D1E0EB003B33B7 /* Release */,
			);
			defaultConfigurationIsVisible = 0;
			defaultConfigurationName = Release;
		};
/* End XCConfigurationList section */
	};
	rootObject = 5223A98524D1E0E9003B33B7 /* Project object */;
}
